
Microsoft Visual Studio Solution File, Format Version 12.00
# Visual Studio Version 17
VisualStudioVersion = 17.2.32519.379
MinimumVisualStudioVersion = 10.0.40219.1
Project("{FAE04EC0-301F-11D3-BF4B-00C04F79EFBC}") = "Maxsys.Sample.AspNetExcelUpload.MVC", "Maxsys.Sample.AspNetExcelUpload.MVC\Maxsys.Sample.AspNetExcelUpload.MVC.csproj", "{A499A622-9FE0-4729-A60F-3DBFE62514FF}"
EndProject
Global
	GlobalSection(SolutionConfigurationPlatforms) = preSolution
		Debug|Any CPU = Debug|Any CPU
		Release|Any CPU = Release|Any CPU
	EndGlobalSection
	GlobalSection(ProjectConfigurationPlatforms) = postSolution
		{A499A622-9FE0-4729-A60F-3DBFE62514FF}.Debug|Any CPU.ActiveCfg = Debug|Any CPU
		{A499A622-9FE0-4729-A60F-3DBFE62514FF}.Debug|Any CPU.Build.0 = Debug|Any CPU
		{A499A622-9FE0-4729-A60F-3DBFE62514FF}.Release|Any CPU.ActiveCfg = Release|Any CPU
		{A499A622-9FE0-4729-A60F-3DBFE62514FF}.Release|Any CPU.Build.0 = Release|Any CPU
	EndGlobalSection
	GlobalSection(SolutionProperties) = preSolution
		HideSolutionNode = FALSE
	EndGlobalSection
	GlobalSection(ExtensibilityGlobals) = postSolution
		SolutionGuid = {F453C645-E2B8-4D47-91D2-52495908B03B}
	EndGlobalSection
EndGlobal
